PODS:
  - Flutter (1.0.0)
  - flutter_flip_clock (0.0.1):
    - Flutter

DEPENDENCIES:
  - Flutter (from `Flutter`)
  - flutter_flip_clock (from `.symlinks/plugins/flutter_flip_clock/ios`)

EXTERNAL SOURCES:
  Flutter:
    :path: Flutter
  flutter_flip_clock:
    :path: ".symlinks/plugins/flutter_flip_clock/ios"

SPEC CHECKSUMS:
  Flutter: f04841e97a9d0b0a8025694d0796dd46242b2854
  flutter_flip_clock: d0b4ea9093d27aa35c6e05a898c25fdc19a2919e

PODFILE CHECKSUM: ef19549a9bc3046e7bb7d2fab4d021637c0c58a3

COCOAPODS: 1.11.3
